
Microsoft Visual Studio Solution File, Format Version 12.00
# Visual Studio 15
VisualStudioVersion = 15.0.28307.960
MinimumVisualStudioVersion = 10.0.40219.1
Project("{FAE04EC0-301F-11D3-BF4B-00C04F79EFBC}") = "S2DE_Route", "S2DE_Route\S2DE_Route.csproj", "{DB398ECA-6BA6-4F9D-B989-6E9B87694455}"
EndProject
Global
	GlobalSection(SolutionConfigurationPlatforms) = preSolution
		Debug|Any CPU = Debug|Any CPU
		Release|Any CPU = Release|Any CPU
	EndGlobalSection
	GlobalSection(ProjectConfigurationPlatforms) = postSolution
		{DB398ECA-6BA6-4F9D-B989-6E9B87694455}.Debug|Any CPU.ActiveCfg = Debug|Any CPU
		{DB398ECA-6BA6-4F9D-B989-6E9B87694455}.Debug|Any CPU.Build.0 = Debug|Any CPU
		{DB398ECA-6BA6-4F9D-B989-6E9B87694455}.Release|Any CPU.ActiveCfg = Release|Any CPU
		{DB398ECA-6BA6-4F9D-B989-6E9B87694455}.Release|Any CPU.Build.0 = Release|Any CPU
	EndGlobalSection
	GlobalSection(SolutionProperties) = preSolution
		HideSolutionNode = FALSE
	EndGlobalSection
	GlobalSection(ExtensibilityGlobals) = postSolution
		SolutionGuid = {B3395E5B-3209-46DD-9752-796C7587C71A}
	EndGlobalSection
EndGlobal
